
Microsoft Visual Studio Solution File, Format Version 12.00
# Visual Studio 15
VisualStudioVersion = 15.0.26124.0
MinimumVisualStudioVersion = 15.0.26124.0
Project("{FAE04EC0-301F-11D3-BF4B-00C04F79EFBC}") = "Domain", "Domain\Domain.csproj", "{B8EF876B-4EB8-45A9-BD7A-4F4E7C10CB49}"
EndProject
Project("{FAE04EC0-301F-11D3-BF4B-00C04F79EFBC}") = "API", "API\API.csproj", "{98ED48FF-0E6C-4DD7-8BED-BBDCDF23314C}"
EndProject
Project("{FAE04EC0-301F-11D3-BF4B-00C04F79EFBC}") = "Application", "Application\Application.csproj", "{585193F8-70AD-45F0-91B4-EC08A28AB205}"
EndProject
Project("{FAE04EC0-301F-11D3-BF4B-00C04F79EFBC}") = "Persistence", "Persistence\Persistence.csproj", "{F5C085FE-309D-4585-B81F-4F5D19846828}"
EndProject
Global
	GlobalSection(SolutionConfigurationPlatforms) = preSolution
		Debug|Any CPU = Debug|Any CPU
		Debug|x64 = Debug|x64
		Debug|x86 = Debug|x86
		Release|Any CPU = Release|Any CPU
		Release|x64 = Release|x64
		Release|x86 = Release|x86
	EndGlobalSection
	GlobalSection(SolutionProperties) = preSolution
		HideSolutionNode = FALSE
	EndGlobalSection
	GlobalSection(ProjectConfigurationPlatforms) = postSolution
		{B8EF876B-4EB8-45A9-BD7A-4F4E7C10CB49}.Debug|Any CPU.ActiveCfg = Debug|Any CPU
		{B8EF876B-4EB8-45A9-BD7A-4F4E7C10CB49}.Debug|Any CPU.Build.0 = Debug|Any CPU
		{B8EF876B-4EB8-45A9-BD7A-4F4E7C10CB49}.Debug|x64.ActiveCfg = Debug|Any CPU
		{B8EF876B-4EB8-45A9-BD7A-4F4E7C10CB49}.Debug|x64.Build.0 = Debug|Any CPU
		{B8EF876B-4EB8-45A9-BD7A-4F4E7C10CB49}.Debug|x86.ActiveCfg = Debug|Any CPU
		{B8EF876B-4EB8-45A9-BD7A-4F4E7C10CB49}.Debug|x86.Build.0 = Debug|Any CPU
		{B8EF876B-4EB8-45A9-BD7A-4F4E7C10CB49}.Release|Any CPU.ActiveCfg = Release|Any CPU
		{B8EF876B-4EB8-45A9-BD7A-4F4E7C10CB49}.Release|Any CPU.Build.0 = Release|Any CPU
		{B8EF876B-4EB8-45A9-BD7A-4F4E7C10CB49}.Release|x64.ActiveCfg = Release|Any CPU
		{B8EF876B-4EB8-45A9-BD7A-4F4E7C10CB49}.Release|x64.Build.0 = Release|Any CPU
		{B8EF876B-4EB8-45A9-BD7A-4F4E7C10CB49}.Release|x86.ActiveCfg = Release|Any CPU
		{B8EF876B-4EB8-45A9-BD7A-4F4E7C10CB49}.Release|x86.Build.0 = Release|Any CPU
		{98ED48FF-0E6C-4DD7-8BED-BBDCDF23314C}.Debug|Any CPU.ActiveCfg = Debug|Any CPU
		{98ED48FF-0E6C-4DD7-8BED-BBDCDF23314C}.Debug|Any CPU.Build.0 = Debug|Any CPU
		{98ED48FF-0E6C-4DD7-8BED-BBDCDF23314C}.Debug|x64.ActiveCfg = Debug|Any CPU
		{98ED48FF-0E6C-4DD7-8BED-BBDCDF23314C}.Debug|x64.Build.0 = Debug|Any CPU
		{98ED48FF-0E6C-4DD7-8BED-BBDCDF23314C}.Debug|x86.ActiveCfg = Debug|Any CPU
		{98ED48FF-0E6C-4DD7-8BED-BBDCDF23314C}.Debug|x86.Build.0 = Debug|Any CPU
		{98ED48FF-0E6C-4DD7-8BED-BBDCDF23314C}.Release|Any CPU.ActiveCfg = Release|Any CPU
		{98ED48FF-0E6C-4DD7-8BED-BBDCDF23314C}.Release|Any CPU.Build.0 = Release|Any CPU
		{98ED48FF-0E6C-4DD7-8BED-BBDCDF23314C}.Release|x64.ActiveCfg = Release|Any CPU
		{98ED48FF-0E6C-4DD7-8BED-BBDCDF23314C}.Release|x64.Build.0 = Release|Any CPU
		{98ED48FF-0E6C-4DD7-8BED-BBDCDF23314C}.Release|x86.ActiveCfg = Release|Any CPU
		{98ED48FF-0E6C-4DD7-8BED-BBDCDF23314C}.Release|x86.Build.0 = Release|Any CPU
		{585193F8-70AD-45F0-91B4-EC08A28AB205}.Debug|Any CPU.ActiveCfg = Debug|Any CPU
		{585193F8-70AD-45F0-91B4-EC08A28AB205}.Debug|Any CPU.Build.0 = Debug|Any CPU
		{585193F8-70AD-45F0-91B4-EC08A28AB205}.Debug|x64.ActiveCfg = Debug|Any CPU
		{585193F8-70AD-45F0-91B4-EC08A28AB205}.Debug|x64.Build.0 = Debug|Any CPU
		{585193F8-70AD-45F0-91B4-EC08A28AB205}.Debug|x86.ActiveCfg = Debug|Any CPU
		{585193F8-70AD-45F0-91B4-EC08A28AB205}.Debug|x86.Build.0 = Debug|Any CPU
		{585193F8-70AD-45F0-91B4-EC08A28AB205}.Release|Any CPU.ActiveCfg = Release|Any CPU
		{585193F8-70AD-45F0-91B4-EC08A28AB205}.Release|Any CPU.Build.0 = Release|Any CPU
		{585193F8-70AD-45F0-91B4-EC08A28AB205}.Release|x64.ActiveCfg = Release|Any CPU
		{585193F8-70AD-45F0-91B4-EC08A28AB205}.Release|x64.Build.0 = Release|Any CPU
		{585193F8-70AD-45F0-91B4-EC08A28AB205}.Release|x86.ActiveCfg = Release|Any CPU
		{585193F8-70AD-45F0-91B4-EC08A28AB205}.Release|x86.Build.0 = Release|Any CPU
		{F5C085FE-309D-4585-B81F-4F5D19846828}.Debug|Any CPU.ActiveCfg = Debug|Any CPU
		{F5C085FE-309D-4585-B81F-4F5D19846828}.Debug|Any CPU.Build.0 = Debug|Any CPU
		{F5C085FE-309D-4585-B81F-4F5D19846828}.Debug|x64.ActiveCfg = Debug|Any CPU
		{F5C085FE-309D-4585-B81F-4F5D19846828}.Debug|x64.Build.0 = Debug|Any CPU
		{F5C085FE-309D-4585-B81F-4F5D19846828}.Debug|x86.ActiveCfg = Debug|Any CPU
		{F5C085FE-309D-4585-B81F-4F5D19846828}.Debug|x86.Build.0 = Debug|Any CPU
		{F5C085FE-309D-4585-B81F-4F5D19846828}.Release|Any CPU.ActiveCfg = Release|Any CPU
		{F5C085FE-309D-4585-B81F-4F5D19846828}.Release|Any CPU.Build.0 = Release|Any CPU
		{F5C085FE-309D-4585-B81F-4F5D19846828}.Release|x64.ActiveCfg = Release|Any CPU
		{F5C085FE-309D-4585-B81F-4F5D19846828}.Release|x64.Build.0 = Release|Any CPU
		{F5C085FE-309D-4585-B81F-4F5D19846828}.Release|x86.ActiveCfg = Release|Any CPU
		{F5C085FE-309D-4585-B81F-4F5D19846828}.Release|x86.Build.0 = Release|Any CPU
	EndGlobalSection
EndGlobal
